// !$*UTF8*$!
{
	archiveVersion = 1;
	classes = {
	};
	objectVersion = 50;
	objects = {

/* Begin PBXBuildFile section */
		2D78EA54264BC3C2005F3EE8 /* Colors.swift in Sources */ = {isa = PBXBuildFile; fileRef = 2D78EA53264BC3C2005F3EE8 /* Colors.swift */; };
		2DDCDEB8264150980039C005 /* CustomTextView.swift in Sources */ = {isa = PBXBuildFile; fileRef = 2DDCDEB7264150980039C005 /* CustomTextView.swift */; };
		2DED7E142644052D00791C2D /* DaysModel.swift in Sources */ = {isa = PBXBuildFile; fileRef = 2DED7E132644052D00791C2D /* DaysModel.swift */; };
		2DED7E182647EA6500791C2D /* CustomTableViewCell.swift in Sources */ = {isa = PBXBuildFile; fileRef = 2DED7E172647EA6500791C2D /* CustomTableViewCell.swift */; };
		2DED7E1A26488C7500791C2D /* ExtensionUITableView.swift in Sources */ = {isa = PBXBuildFile; fileRef = 2DED7E1926488C7500791C2D /* ExtensionUITableView.swift */; };
		2DED7E1E2649341A00791C2D /* ShowViewController.swift in Sources */ = {isa = PBXBuildFile; fileRef = 2DED7E1D2649341A00791C2D /* ShowViewController.swift */; };
		C9530FBE2637F58300C2110F /* CalendarViewController.swift in Sources */ = {isa = PBXBuildFile; fileRef = C9530FBD2637F58300C2110F /* CalendarViewController.swift */; };
		C9530FC22637F62B00C2110F /* PlusViewController.swift in Sources */ = {isa = PBXBuildFile; fileRef = C9530FC12637F62B00C2110F /* PlusViewController.swift */; };
		C9AB623D262DFA2600E6708E /* AppDelegate.swift in Sources */ = {isa = PBXBuildFile; fileRef = C9AB623C262DFA2600E6708E /* AppDelegate.swift */; };
		C9AB623F262DFA2600E6708E /* SceneDelegate.swift in Sources */ = {isa = PBXBuildFile; fileRef = C9AB623E262DFA2600E6708E /* SceneDelegate.swift */; };
		C9AB6244262DFA2600E6708E /* Main.storyboard in Resources */ = {isa = PBXBuildFile; fileRef = C9AB6242262DFA2600E6708E /* Main.storyboard */; };
		C9AB6246262DFA2700E6708E /* Assets.xcassets in Resources */ = {isa = PBXBuildFile; fileRef = C9AB6245262DFA2700E6708E /* Assets.xcassets */; };
		C9AB6249262DFA2700E6708E /* LaunchScreen.storyboard in Resources */ = {isa = PBXBuildFile; fileRef = C9AB6247262DFA2700E6708E /* LaunchScreen.storyboard */; };
		C9AB6258262DFF0900E6708E /* ListViewController.swift in Sources */ = {isa = PBXBuildFile; fileRef = C9AB6257262DFF0900E6708E /* ListViewController.swift */; };
		C9AB625E262E00A000E6708E /* MiddleButton.swift in Sources */ = {isa = PBXBuildFile; fileRef = C9AB625D262E00A000E6708E /* MiddleButton.swift */; };
		C9BC89FC26389C8700D15FFA /* Icons.swift in Sources */ = {isa = PBXBuildFile; fileRef = C9BC89FB26389C8700D15FFA /* Icons.swift */; };
		C9C5EB372636AFC200D887B3 /* TabBarController.swift in Sources */ = {isa = PBXBuildFile; fileRef = C9C5EB362636AFC200D887B3 /* TabBarController.swift */; };
/* End PBXBuildFile section */

/* Begin PBXFileReference section */
		2D78EA53264BC3C2005F3EE8 /* Colors.swift */ = {isa = PBXFileReference; lastKnownFileType = sourcecode.swift; path = Colors.swift; sourceTree = "<group>"; };
		2DDCDEB7264150980039C005 /* CustomTextView.swift */ = {isa = PBXFileReference; lastKnownFileType = sourcecode.swift; path = CustomTextView.swift; sourceTree = "<group>"; };
		2DED7E132644052D00791C2D /* DaysModel.swift */ = {isa = PBXFileReference; lastKnownFileType = sourcecode.swift; path = DaysModel.swift; sourceTree = "<group>"; };
		2DED7E172647EA6500791C2D /* CustomTableViewCell.swift */ = {isa = PBXFileReference; lastKnownFileType = sourcecode.swift; path = CustomTableViewCell.swift; sourceTree = "<group>"; };
		2DED7E1926488C7500791C2D /* ExtensionUITableView.swift */ = {isa = PBXFileReference; lastKnownFileType = sourcecode.swift; path = ExtensionUITableView.swift; sourceTree = "<group>"; };
		2DED7E1D2649341A00791C2D /* ShowViewController.swift */ = {isa = PBXFileReference; lastKnownFileType = sourcecode.swift; path = ShowViewController.swift; sourceTree = "<group>"; };
		C9530FBD2637F58300C2110F /* CalendarViewController.swift */ = {isa = PBXFileReference; lastKnownFileType = sourcecode.swift; path = CalendarViewController.swift; sourceTree = "<group>"; };
		C9530FC12637F62B00C2110F /* PlusViewController.swift */ = {isa = PBXFileReference; lastKnownFileType = sourcecode.swift; path = PlusViewController.swift; sourceTree = "<group>"; };
		C9AB6239262DFA2600E6708E /* Milday.app */ = {isa = PBXFileReference; explicitFileType = wrapper.application; includeInIndex = 0; path = Milday.app; sourceTree = BUILT_PRODUCTS_DIR; };
		C9AB623C262DFA2600E6708E /* AppDelegate.swift */ = {isa = PBXFileReference; lastKnownFileType = sourcecode.swift; path = AppDelegate.swift; sourceTree = "<group>"; };
		C9AB623E262DFA2600E6708E /* SceneDelegate.swift */ = {isa = PBXFileReference; lastKnownFileType = sourcecode.swift; path = SceneDelegate.swift; sourceTree = "<group>"; };
		C9AB6243262DFA2600E6708E /* Base */ = {isa = PBXFileReference; lastKnownFileType = file.storyboard; name = Base; path = Base.lproj/Main.storyboard; sourceTree = "<group>"; };
		C9AB6245262DFA2700E6708E /* Assets.xcassets */ = {isa = PBXFileReference; lastKnownFileType = folder.assetcatalog; path = Assets.xcassets; sourceTree = "<group>"; };
		C9AB6248262DFA2700E6708E /* Base */ = {isa = PBXFileReference; lastKnownFileType = file.storyboard; name = Base; path = Base.lproj/LaunchScreen.storyboard; sourceTree = "<group>"; };
		C9AB624A262DFA2700E6708E /* Info.plist */ = {isa = PBXFileReference; lastKnownFileType = text.plist.xml; path = Info.plist; sourceTree = "<group>"; };
		C9AB6257262DFF0900E6708E /* ListViewController.swift */ = {isa = PBXFileReference; lastKnownFileType = sourcecode.swift; path = ListViewController.swift; sourceTree = "<group>"; };
		C9AB625D262E00A000E6708E /* MiddleButton.swift */ = {isa = PBXFileReference; lastKnownFileType = sourcecode.swift; path = MiddleButton.swift; sourceTree = "<group>"; };
		C9BC89FB26389C8700D15FFA /* Icons.swift */ = {isa = PBXFileReference; lastKnownFileType = sourcecode.swift; path = Icons.swift; sourceTree = "<group>"; };
		C9C5EB362636AFC200D887B3 /* TabBarController.swift */ = {isa = PBXFileReference; lastKnownFileType = sourcecode.swift; path = TabBarController.swift; sourceTree = "<group>"; };
/* End PBXFileReference section */

/* Begin PBXFrameworksBuildPhase section */
		C9AB6236262DFA2600E6708E /* Frameworks */ = {
			isa = PBXFrameworksBuildPhase;
			buildActionMask = 2147483647;
			files = (
			);
			runOnlyForDeploymentPostprocessing = 0;
		};
/* End PBXFrameworksBuildPhase section */

/* Begin PBXGroup section */
		2DED7E1C264933B200791C2D /* ShowViewController */ = {
			isa = PBXGroup;
			children = (
				2DED7E1D2649341A00791C2D /* ShowViewController.swift */,
			);
			path = ShowViewController;
			sourceTree = "<group>";
		};
		C9530FBC2637F55100C2110F /* CalendarViewController */ = {
			isa = PBXGroup;
			children = (
				C9530FBD2637F58300C2110F /* CalendarViewController.swift */,
			);
			path = CalendarViewController;
			sourceTree = "<group>";
		};
		C9530FC02637F60300C2110F /* PlusViewController */ = {
			isa = PBXGroup;
			children = (
				C9530FC12637F62B00C2110F /* PlusViewController.swift */,
				2DDCDEB7264150980039C005 /* CustomTextView.swift */,
			);
			path = PlusViewController;
			sourceTree = "<group>";
		};
		C9AB6230262DFA2600E6708E = {
			isa = PBXGroup;
			children = (
				C9AB623B262DFA2600E6708E /* Milday */,
				C9AB623A262DFA2600E6708E /* Products */,
			);
			sourceTree = "<group>";
		};
		C9AB623A262DFA2600E6708E /* Products */ = {
			isa = PBXGroup;
			children = (
				C9AB6239262DFA2600E6708E /* Milday.app */,
			);
			name = Products;
			sourceTree = "<group>";
		};
		C9AB623B262DFA2600E6708E /* Milday */ = {
			isa = PBXGroup;
			children = (
				C9AB623C262DFA2600E6708E /* AppDelegate.swift */,
				C9AB623E262DFA2600E6708E /* SceneDelegate.swift */,
				C9C5EB352636AFA300D887B3 /* TabBar */,
				C9AB625A262E005A00E6708E /* ListViewController */,
				2DED7E1C264933B200791C2D /* ShowViewController */,
				C9530FC02637F60300C2110F /* PlusViewController */,
				C9530FBC2637F55100C2110F /* CalendarViewController */,
				C9BC89FA26389C6700D15FFA /* Helpers */,
				C9AB6242262DFA2600E6708E /* Main.storyboard */,
				C9AB6245262DFA2700E6708E /* Assets.xcassets */,
				C9AB6247262DFA2700E6708E /* LaunchScreen.storyboard */,
				C9AB624A262DFA2700E6708E /* Info.plist */,
			);
			path = Milday;
			sourceTree = "<group>";
		};
		C9AB625A262E005A00E6708E /* ListViewController */ = {
			isa = PBXGroup;
			children = (
				C9AB6257262DFF0900E6708E /* ListViewController.swift */,
				2DED7E172647EA6500791C2D /* CustomTableViewCell.swift */,
				2DED7E132644052D00791C2D /* DaysModel.swift */,
			);
			path = ListViewController;
			sourceTree = "<group>";
		};
		C9BC89FA26389C6700D15FFA /* Helpers */ = {
			isa = PBXGroup;
			children = (
				C9BC89FB26389C8700D15FFA /* Icons.swift */,
				2D78EA53264BC3C2005F3EE8 /* Colors.swift */,
				2DED7E1926488C7500791C2D /* ExtensionUITableView.swift */,
			);
			path = Helpers;
			sourceTree = "<group>";
		};
		C9C5EB352636AFA300D887B3 /* TabBar */ = {
			isa = PBXGroup;
			children = (
				C9C5EB362636AFC200D887B3 /* TabBarController.swift */,
				C9AB625D262E00A000E6708E /* MiddleButton.swift */,
			);
			path = TabBar;
			sourceTree = "<group>";
		};
/* End PBXGroup section */

/* Begin PBXNativeTarget section */
		C9AB6238262DFA2600E6708E /* Milday */ = {
			isa = PBXNativeTarget;
			buildConfigurationList = C9AB624D262DFA2700E6708E /* Build configuration list for PBXNativeTarget "Milday" */;
			buildPhases = (
				C9AB6235262DFA2600E6708E /* Sources */,
				C9AB6236262DFA2600E6708E /* Frameworks */,
				C9AB6237262DFA2600E6708E /* Resources */,
			);
			buildRules = (
			);
			dependencies = (
			);
			name = Milday;
			productName = Milday;
			productReference = C9AB6239262DFA2600E6708E /* Milday.app */;
			productType = "com.apple.product-type.application";
		};
/* End PBXNativeTarget section */

/* Begin PBXProject section */
		C9AB6231262DFA2600E6708E /* Project object */ = {
			isa = PBXProject;
			attributes = {
				LastSwiftUpdateCheck = 1240;
				LastUpgradeCheck = 1240;
				TargetAttributes = {
					C9AB6238262DFA2600E6708E = {
						CreatedOnToolsVersion = 12.4;
					};
				};
			};
			buildConfigurationList = C9AB6234262DFA2600E6708E /* Build configuration list for PBXProject "Milday" */;
			compatibilityVersion = "Xcode 9.3";
			developmentRegion = en;
			hasScannedForEncodings = 0;
			knownRegions = (
				en,
				Base,
			);
			mainGroup = C9AB6230262DFA2600E6708E;
			productRefGroup = C9AB623A262DFA2600E6708E /* Products */;
			projectDirPath = "";
			projectRoot = "";
			targets = (
				C9AB6238262DFA2600E6708E /* Milday */,
			);
		};
/* End PBXProject section */

/* Begin PBXResourcesBuildPhase section */
		C9AB6237262DFA2600E6708E /* Resources */ = {
			isa = PBXResourcesBuildPhase;
			buildActionMask = 2147483647;
			files = (
				C9AB6249262DFA2700E6708E /* LaunchScreen.storyboard in Resources */,
				C9AB6246262DFA2700E6708E /* Assets.xcassets in Resources */,
				C9AB6244262DFA2600E6708E /* Main.storyboard in Resources */,
			);
			runOnlyForDeploymentPostprocessing = 0;
		};
/* End PBXResourcesBuildPhase section */

/* Begin PBXSourcesBuildPhase section */
		C9AB6235262DFA2600E6708E /* Sources */ = {
			isa = PBXSourcesBuildPhase;
			buildActionMask = 2147483647;
			files = (
				C9530FC22637F62B00C2110F /* PlusViewController.swift in Sources */,
				C9530FBE2637F58300C2110F /* CalendarViewController.swift in Sources */,
				2DED7E182647EA6500791C2D /* CustomTableViewCell.swift in Sources */,
				2D78EA54264BC3C2005F3EE8 /* Colors.swift in Sources */,
				C9BC89FC26389C8700D15FFA /* Icons.swift in Sources */,
				C9AB6258262DFF0900E6708E /* ListViewController.swift in Sources */,
				C9AB625E262E00A000E6708E /* MiddleButton.swift in Sources */,
				C9AB623D262DFA2600E6708E /* AppDelegate.swift in Sources */,
				2DED7E142644052D00791C2D /* DaysModel.swift in Sources */,
				2DDCDEB8264150980039C005 /* CustomTextView.swift in Sources */,
				2DED7E1E2649341A00791C2D /* ShowViewController.swift in Sources */,
				C9C5EB372636AFC200D887B3 /* TabBarController.swift in Sources */,
				C9AB623F262DFA2600E6708E /* SceneDelegate.swift in Sources */,
				2DED7E1A26488C7500791C2D /* ExtensionUITableView.swift in Sources */,
			);
			runOnlyForDeploymentPostprocessing = 0;
		};
/* End PBXSourcesBuildPhase section */

/* Begin PBXVariantGroup section */
		C9AB6242262DFA2600E6708E /* Main.storyboard */ = {
			isa = PBXVariantGroup;
			children = (
				C9AB6243262DFA2600E6708E /* Base */,
			);
			name = Main.storyboard;
			sourceTree = "<group>";
		};
		C9AB6247262DFA2700E6708E /* LaunchScreen.storyboard */ = {
			isa = PBXVariantGroup;
			children = (
				C9AB6248262DFA2700E6708E /* Base */,
			);
			name = LaunchScreen.storyboard;
			sourceTree = "<group>";
		};
/* End PBXVariantGroup section */

/* Begin XCBuildConfiguration section */
		C9AB624B262DFA2700E6708E /* Debug */ = {
			isa = XCBuildConfiguration;
			buildSettings = {
				ALWAYS_SEARCH_USER_PATHS = NO;
				CLANG_ANALYZER_NONNULL = YES;
				CLANG_ANALYZER_NUMBER_OBJECT_CONVERSION = YES_AGGRESSIVE;
				CLANG_CXX_LANGUAGE_STANDARD = "gnu++14";
				CLANG_CXX_LIBRARY = "libc++";
				CLANG_ENABLE_MODULES = YES;
				CLANG_ENABLE_OBJC_ARC = YES;
				CLANG_ENABLE_OBJC_WEAK = YES;
				CLANG_WARN_BLOCK_CAPTURE_AUTORELEASING = YES;
				CLANG_WARN_BOOL_CONVERSION = YES;
				CLANG_WARN_COMMA = YES;
				CLANG_WARN_CONSTANT_CONVERSION = YES;
				CLANG_WARN_DEPRECATED_OBJC_IMPLEMENTATIONS = YES;
				CLANG_WARN_DIRECT_OBJC_ISA_USAGE = YES_ERROR;
				CLANG_WARN_DOCUMENTATION_COMMENTS = YES;
				CLANG_WARN_EMPTY_BODY = YES;
				CLANG_WARN_ENUM_CONVERSION = YES;
				CLANG_WARN_INFINITE_RECURSION = YES;
				CLANG_WARN_INT_CONVERSION = YES;
				CLANG_WARN_NON_LITERAL_NULL_CONVERSION = YES;
				CLANG_WARN_OBJC_IMPLICIT_RETAIN_SELF = YES;
				CLANG_WARN_OBJC_LITERAL_CONVERSION = YES;
				CLANG_WARN_OBJC_ROOT_CLASS = YES_ERROR;
				CLANG_WARN_QUOTED_INCLUDE_IN_FRAMEWORK_HEADER = YES;
				CLANG_WARN_RANGE_LOOP_ANALYSIS = YES;
				CLANG_WARN_STRICT_PROTOTYPES = YES;
				CLANG_WARN_SUSPICIOUS_MOVE = YES;
				CLANG_WARN_UNGUARDED_AVAILABILITY = YES_AGGRESSIVE;
				CLANG_WARN_UNREACHABLE_CODE = YES;
				CLANG_WARN__DUPLICATE_METHOD_MATCH = YES;
				COPY_PHASE_STRIP = NO;
				DEBUG_INFORMATION_FORMAT = dwarf;
				ENABLE_STRICT_OBJC_MSGSEND = YES;
				ENABLE_TESTABILITY = YES;
				GCC_C_LANGUAGE_STANDARD = gnu11;
				GCC_DYNAMIC_NO_PIC = NO;
				GCC_NO_COMMON_BLOCKS = YES;
				GCC_OPTIMIZATION_LEVEL = 0;
				GCC_PREPROCESSOR_DEFINITIONS = (
					"DEBUG=1",
					"$(inherited)",
				);
				GCC_WARN_64_TO_32_BIT_CONVERSION = YES;
				GCC_WARN_ABOUT_RETURN_TYPE = YES_ERROR;
				GCC_WARN_UNDECLARED_SELECTOR = YES;
				GCC_WARN_UNINITIALIZED_AUTOS = YES_AGGRESSIVE;
				GCC_WARN_UNUSED_FUNCTION = YES;
				GCC_WARN_UNUSED_VARIABLE = YES;
				IPHONEOS_DEPLOYMENT_TARGET = 14.4;
				MTL_ENABLE_DEBUG_INFO = INCLUDE_SOURCE;
				MTL_FAST_MATH = YES;
				ONLY_ACTIVE_ARCH = YES;
				SDKROOT = iphoneos;
				SWIFT_ACTIVE_COMPILATION_CONDITIONS = DEBUG;
				SWIFT_OPTIMIZATION_LEVEL = "-Onone";
			};
			name = Debug;
		};
		C9AB624C262DFA2700E6708E /* Release */ = {
			isa = XCBuildConfiguration;
			buildSettings = {
				ALWAYS_SEARCH_USER_PATHS = NO;
				CLANG_ANALYZER_NONNULL = YES;
				CLANG_ANALYZER_NUMBER_OBJECT_CONVERSION = YES_AGGRESSIVE;
				CLANG_CXX_LANGUAGE_STANDARD = "gnu++14";
				CLANG_CXX_LIBRARY = "libc++";
				CLANG_ENABLE_MODULES = YES;
				CLANG_ENABLE_OBJC_ARC = YES;
				CLANG_ENABLE_OBJC_WEAK = YES;
				CLANG_WARN_BLOCK_CAPTURE_AUTORELEASING = YES;
				CLANG_WARN_BOOL_CONVERSION = YES;
				CLANG_WARN_COMMA = YES;
				CLANG_WARN_CONSTANT_CONVERSION = YES;
				CLANG_WARN_DEPRECATED_OBJC_IMPLEMENTATIONS = YES;
				CLANG_WARN_DIRECT_OBJC_ISA_USAGE = YES_ERROR;
				CLANG_WARN_DOCUMENTATION_COMMENTS = YES;
				CLANG_WARN_EMPTY_BODY = YES;
				CLANG_WARN_ENUM_CONVERSION = YES;
				CLANG_WARN_INFINITE_RECURSION = YES;
				CLANG_WARN_INT_CONVERSION = YES;
				CLANG_WARN_NON_LITERAL_NULL_CONVERSION = YES;
				CLANG_WARN_OBJC_IMPLICIT_RETAIN_SELF = YES;
				CLANG_WARN_OBJC_LITERAL_CONVERSION = YES;
				CLANG_WARN_OBJC_ROOT_CLASS = YES_ERROR;
				CLANG_WARN_QUOTED_INCLUDE_IN_FRAMEWORK_HEADER = YES;
				CLANG_WARN_RANGE_LOOP_ANALYSIS = YES;
				CLANG_WARN_STRICT_PROTOTYPES = YES;
				CLANG_WARN_SUSPICIOUS_MOVE = YES;
				CLANG_WARN_UNGUARDED_AVAILABILITY = YES_AGGRESSIVE;
				CLANG_WARN_UNREACHABLE_CODE = YES;
				CLANG_WARN__DUPLICATE_METHOD_MATCH = YES;
				COPY_PHASE_STRIP = NO;
				DEBUG_INFORMATION_FORMAT = "dwarf-with-dsym";
				ENABLE_NS_ASSERTIONS = NO;
				ENABLE_STRICT_OBJC_MSGSEND = YES;
				GCC_C_LANGUAGE_STANDARD = gnu11;
				GCC_NO_COMMON_BLOCKS = YES;
				GCC_WARN_64_TO_32_BIT_CONVERSION = YES;
				GCC_WARN_ABOUT_RETURN_TYPE = YES_ERROR;
				GCC_WARN_UNDECLARED_SELECTOR = YES;
				GCC_WARN_UNINITIALIZED_AUTOS = YES_AGGRESSIVE;
				GCC_WARN_UNUSED_FUNCTION = YES;
				GCC_WARN_UNUSED_VARIABLE = YES;
				IPHONEOS_DEPLOYMENT_TARGET = 14.4;
				MTL_ENABLE_DEBUG_INFO = NO;
				MTL_FAST_MATH = YES;
				SDKROOT = iphoneos;
				SWIFT_COMPILATION_MODE = wholemodule;
				SWIFT_OPTIMIZATION_LEVEL = "-O";
				VALIDATE_PRODUCT = YES;
			};
			name = Release;
		};
		C9AB624E262DFA2700E6708E /* Debug */ = {
			isa = XCBuildConfiguration;
			buildSettings = {
				ASSETCATALOG_COMPILER_APPICON_NAME = AppIcon;
				ASSETCATALOG_COMPILER_GLOBAL_ACCENT_COLOR_NAME = AccentColor;
				CODE_SIGN_STYLE = Automatic;
				DEVELOPMENT_TEAM = GKZ7DJWHAN;
				INFOPLIST_FILE = Milday/Info.plist;
				IPHONEOS_DEPLOYMENT_TARGET = 13.0;
				LD_RUNPATH_SEARCH_PATHS = (
					"$(inherited)",
					"@executable_path/Frameworks",
				);
				PRODUCT_BUNDLE_IDENTIFIER = F1xTeoNtTsS.Milday;
				PRODUCT_NAME = "$(TARGET_NAME)";
				SWIFT_VERSION = 5.0;
				TARGETED_DEVICE_FAMILY = "1,2";
			};
			name = Debug;
		};
		C9AB624F262DFA2700E6708E /* Release */ = {
			isa = XCBuildConfiguration;
			buildSettings = {
				ASSETCATALOG_COMPILER_APPICON_NAME = AppIcon;
				ASSETCATALOG_COMPILER_GLOBAL_ACCENT_COLOR_NAME = AccentColor;
				CODE_SIGN_STYLE = Automatic;
				DEVELOPMENT_TEAM = GKZ7DJWHAN;
				INFOPLIST_FILE = Milday/Info.plist;
				IPHONEOS_DEPLOYMENT_TARGET = 13.0;
				LD_RUNPATH_SEARCH_PATHS = (
					"$(inherited)",
					"@executable_path/Frameworks",
				);
				PRODUCT_BUNDLE_IDENTIFIER = F1xTeoNtTsS.Milday;
				PRODUCT_NAME = "$(TARGET_NAME)";
				SWIFT_VERSION = 5.0;
				TARGETED_DEVICE_FAMILY = "1,2";
			};
			name = Release;
		};
/* End XCBuildConfiguration section */

/* Begin XCConfigurationList section */
		C9AB6234262DFA2600E6708E /* Build configuration list for PBXProject "Milday" */ = {
			isa = XCConfigurationList;
			buildConfigurations = (
				C9AB624B262DFA2700E6708E /* Debug */,
				C9AB624C262DFA2700E6708E /* Release */,
			);
			defaultConfigurationIsVisible = 0;
			defaultConfigurationName = Release;
		};
		C9AB624D262DFA2700E6708E /* Build configuration list for PBXNativeTarget "Milday" */ = {
			isa = XCConfigurationList;
			buildConfigurations = (
				C9AB624E262DFA2700E6708E /* Debug */,
				C9AB624F262DFA2700E6708E /* Release */,
			);
			defaultConfigurationIsVisible = 0;
			defaultConfigurationName = Release;
		};
/* End XCConfigurationList section */
	};
	rootObject = C9AB6231262DFA2600E6708E /* Project object */;
}
